// !$*UTF8*$!
{
	archiveVersion = 1;
	classes = {
	};
	objectVersion = 46;
	objects = {

/* Begin PBXBuildFile section */
		3C2947CD1A65828800C120F9 /* AVFoundation.framework in Frameworks */ = {isa = PBXBuildFile; fileRef = 3C2947CC1A65828800C120F9 /* AVFoundation.framework */; };
		3C2947CF1A65836E00C120F9 /* upSound.mp3 in Resources */ = {isa = PBXBuildFile; fileRef = 3C2947CE1A65836E00C120F9 /* upSound.mp3 */; };
		3C9C0BA01A81492800B44D8A /* GameOverScene.swift in Sources */ = {isa = PBXBuildFile; fileRef = 3C9C0B9F1A81492800B44D8A /* GameOverScene.swift */; };
		3CAC653C1A5EFF5A00E6A079 /* AppDelegate.swift in Sources */ = {isa = PBXBuildFile; fileRef = 3CAC653B1A5EFF5A00E6A079 /* AppDelegate.swift */; };
		3CAC653E1A5EFF5A00E6A079 /* GameScene.sks in Resources */ = {isa = PBXBuildFile; fileRef = 3CAC653D1A5EFF5A00E6A079 /* GameScene.sks */; };
		3CAC65401A5EFF5A00E6A079 /* GameScene.swift in Sources */ = {isa = PBXBuildFile; fileRef = 3CAC653F1A5EFF5A00E6A079 /* GameScene.swift */; };
		3CAC65421A5EFF5B00E6A079 /* GameViewController.swift in Sources */ = {isa = PBXBuildFile; fileRef = 3CAC65411A5EFF5B00E6A079 /* GameViewController.swift */; };
		3CAC65451A5EFF5B00E6A079 /* Main.storyboard in Resources */ = {isa = PBXBuildFile; fileRef = 3CAC65431A5EFF5B00E6A079 /* Main.storyboard */; };
		3CAC65471A5EFF5B00E6A079 /* Images.xcassets in Resources */ = {isa = PBXBuildFile; fileRef = 3CAC65461A5EFF5B00E6A079 /* Images.xcassets */; };
		3CAC654A1A5EFF5B00E6A079 /* LaunchScreen.xib in Resources */ = {isa = PBXBuildFile; fileRef = 3CAC65481A5EFF5B00E6A079 /* LaunchScreen.xib */; };
		3CAC65561A5EFF5B00E6A079 /* Faby_BirdTests.swift in Sources */ = {isa = PBXBuildFile; fileRef = 3CAC65551A5EFF5B00E6A079 /* Faby_BirdTests.swift */; };
/* End PBXBuildFile section */

/* Begin PBXContainerItemProxy section */
		3CAC65501A5EFF5B00E6A079 /* PBXContainerItemProxy */ = {
			isa = PBXContainerItemProxy;
			containerPortal = 3CAC652E1A5EFF5A00E6A079 /* Project object */;
			proxyType = 1;
			remoteGlobalIDString = 3CAC65351A5EFF5A00E6A079;
			remoteInfo = "Faby Bird";
		};
/* End PBXContainerItemProxy section */

/* Begin PBXFileReference section */
		3C2947CC1A65828800C120F9 /* AVFoundation.framework */ = {isa = PBXFileReference; lastKnownFileType = wrapper.framework; name = AVFoundation.framework; path = System/Library/Frameworks/AVFoundation.framework; sourceTree = SDKROOT; };
		3C2947CE1A65836E00C120F9 /* upSound.mp3 */ = {isa = PBXFileReference; lastKnownFileType = audio.mp3; path = upSound.mp3; sourceTree = "<group>"; };
		3C9C0B9F1A81492800B44D8A /* GameOverScene.swift */ = {isa = PBXFileReference; fileEncoding = 4; lastKnownFileType = sourcecode.swift; path = GameOverScene.swift; sourceTree = "<group>"; };
		3CAC65361A5EFF5A00E6A079 /* Faby Bird.app */ = {isa = PBXFileReference; explicitFileType = wrapper.application; includeInIndex = 0; path = "Faby Bird.app"; sourceTree = BUILT_PRODUCTS_DIR; };
		3CAC653A1A5EFF5A00E6A079 /* Info.plist */ = {isa = PBXFileReference; lastKnownFileType = text.plist.xml; path = Info.plist; sourceTree = "<group>"; };
		3CAC653B1A5EFF5A00E6A079 /* AppDelegate.swift */ = {isa = PBXFileReference; lastKnownFileType = sourcecode.swift; path = AppDelegate.swift; sourceTree = "<group>"; };
		3CAC653D1A5EFF5A00E6A079 /* GameScene.sks */ = {isa = PBXFileReference; lastKnownFileType = file.sks; path = GameScene.sks; sourceTree = "<group>"; };
		3CAC653F1A5EFF5A00E6A079 /* GameScene.swift */ = {isa = PBXFileReference; lastKnownFileType = sourcecode.swift; path = GameScene.swift; sourceTree = "<group>"; };
		3CAC65411A5EFF5B00E6A079 /* GameViewController.swift */ = {isa = PBXFileReference; lastKnownFileType = sourcecode.swift; path = GameViewController.swift; sourceTree = "<group>"; };
		3CAC65441A5EFF5B00E6A079 /* Base */ = {isa = PBXFileReference; lastKnownFileType = file.storyboard; name = Base; path = Base.lproj/Main.storyboard; sourceTree = "<group>"; };
		3CAC65461A5EFF5B00E6A079 /* Images.xcassets */ = {isa = PBXFileReference; lastKnownFileType = folder.assetcatalog; path = Images.xcassets; sourceTree = "<group>"; };
		3CAC65491A5EFF5B00E6A079 /* Base */ = {isa = PBXFileReference; lastKnownFileType = file.xib; name = Base; path = Base.lproj/LaunchScreen.xib; sourceTree = "<group>"; };
		3CAC654F1A5EFF5B00E6A079 /* Faby BirdTests.xctest */ = {isa = PBXFileReference; explicitFileType = wrapper.cfbundle; includeInIndex = 0; path = "Faby BirdTests.xctest"; sourceTree = BUILT_PRODUCTS_DIR; };
		3CAC65541A5EFF5B00E6A079 /* Info.plist */ = {isa = PBXFileReference; lastKnownFileType = text.plist.xml; path = Info.plist; sourceTree = "<group>"; };
		3CAC65551A5EFF5B00E6A079 /* Faby_BirdTests.swift */ = {isa = PBXFileReference; lastKnownFileType = sourcecode.swift; path = Faby_BirdTests.swift; sourceTree = "<group>"; };
/* End PBXFileReference section */

/* Begin PBXFrameworksBuildPhase section */
		3CAC65331A5EFF5A00E6A079 /* Frameworks */ = {
			isa = PBXFrameworksBuildPhase;
			buildActionMask = 2147483647;
			files = (
				3C2947CD1A65828800C120F9 /* AVFoundation.framework in Frameworks */,
			);
			runOnlyForDeploymentPostprocessing = 0;
		};
		3CAC654C1A5EFF5B00E6A079 /* Frameworks */ = {
			isa = PBXFrameworksBuildPhase;
			buildActionMask = 2147483647;
			files = (
			);
			runOnlyForDeploymentPostprocessing = 0;
		};
/* End PBXFrameworksBuildPhase section */

/* Begin PBXGroup section */
		3CAC652D1A5EFF5A00E6A079 = {
			isa = PBXGroup;
			children = (
				3C2947CC1A65828800C120F9 /* AVFoundation.framework */,
				3CAC65381A5EFF5A00E6A079 /* Faby Bird */,
				3CAC65521A5EFF5B00E6A079 /* Faby BirdTests */,
				3CAC65371A5EFF5A00E6A079 /* Products */,
			);
			sourceTree = "<group>";
		};
		3CAC65371A5EFF5A00E6A079 /* Products */ = {
			isa = PBXGroup;
			children = (
				3CAC65361A5EFF5A00E6A079 /* Faby Bird.app */,
				3CAC654F1A5EFF5B00E6A079 /* Faby BirdTests.xctest */,
			);
			name = Products;
			sourceTree = "<group>";
		};
		3CAC65381A5EFF5A00E6A079 /* Faby Bird */ = {
			isa = PBXGroup;
			children = (
				3CAC653B1A5EFF5A00E6A079 /* AppDelegate.swift */,
				3CAC653D1A5EFF5A00E6A079 /* GameScene.sks */,
				3CAC653F1A5EFF5A00E6A079 /* GameScene.swift */,
				3C9C0B9F1A81492800B44D8A /* GameOverScene.swift */,
				3C2947CE1A65836E00C120F9 /* upSound.mp3 */,
				3CAC65411A5EFF5B00E6A079 /* GameViewController.swift */,
				3CAC65431A5EFF5B00E6A079 /* Main.storyboard */,
				3CAC65461A5EFF5B00E6A079 /* Images.xcassets */,
				3CAC65481A5EFF5B00E6A079 /* LaunchScreen.xib */,
				3CAC65391A5EFF5A00E6A079 /* Supporting Files */,
			);
			path = "Faby Bird";
			sourceTree = "<group>";
		};
		3CAC65391A5EFF5A00E6A079 /* Supporting Files */ = {
			isa = PBXGroup;
			children = (
				3CAC653A1A5EFF5A00E6A079 /* Info.plist */,
			);
			name = "Supporting Files";
			sourceTree = "<group>";
		};
		3CAC65521A5EFF5B00E6A079 /* Faby BirdTests */ = {
			isa = PBXGroup;
			children = (
				3CAC65551A5EFF5B00E6A079 /* Faby_BirdTests.swift */,
				3CAC65531A5EFF5B00E6A079 /* Supporting Files */,
			);
			path = "Faby BirdTests";
			sourceTree = "<group>";
		};
		3CAC65531A5EFF5B00E6A079 /* Supporting Files */ = {
			isa = PBXGroup;
			children = (
				3CAC65541A5EFF5B00E6A079 /* Info.plist */,
			);
			name = "Supporting Files";
			sourceTree = "<group>";
		};
/* End PBXGroup section */

/* Begin PBXNativeTarget section */
		3CAC65351A5EFF5A00E6A079 /* Faby Bird */ = {
			isa = PBXNativeTarget;
			buildConfigurationList = 3CAC65591A5EFF5B00E6A079 /* Build configuration list for PBXNativeTarget "Faby Bird" */;
			buildPhases = (
				3CAC65321A5EFF5A00E6A079 /* Sources */,
				3CAC65331A5EFF5A00E6A079 /* Frameworks */,
				3CAC65341A5EFF5A00E6A079 /* Resources */,
			);
			buildRules = (
			);
			dependencies = (
			);
			name = "Faby Bird";
			productName = "Faby Bird";
			productReference = 3CAC65361A5EFF5A00E6A079 /* Faby Bird.app */;
			productType = "com.apple.product-type.application";
		};
		3CAC654E1A5EFF5B00E6A079 /* Faby BirdTests */ = {
			isa = PBXNativeTarget;
			buildConfigurationList = 3CAC655C1A5EFF5B00E6A079 /* Build configuration list for PBXNativeTarget "Faby BirdTests" */;
			buildPhases = (
				3CAC654B1A5EFF5B00E6A079 /* Sources */,
				3CAC654C1A5EFF5B00E6A079 /* Frameworks */,
				3CAC654D1A5EFF5B00E6A079 /* Resources */,
			);
			buildRules = (
			);
			dependencies = (
				3CAC65511A5EFF5B00E6A079 /* PBXTargetDependency */,
			);
			name = "Faby BirdTests";
			productName = "Faby BirdTests";
			productReference = 3CAC654F1A5EFF5B00E6A079 /* Faby BirdTests.xctest */;
			productType = "com.apple.product-type.bundle.unit-test";
		};
/* End PBXNativeTarget section */

/* Begin PBXProject section */
		3CAC652E1A5EFF5A00E6A079 /* Project object */ = {
			isa = PBXProject;
			attributes = {
				LastUpgradeCheck = 0610;
				ORGANIZATIONNAME = "Ian Washburne";
				TargetAttributes = {
					3CAC65351A5EFF5A00E6A079 = {
						CreatedOnToolsVersion = 6.1.1;
						DevelopmentTeam = PY9957M84G;
					};
					3CAC654E1A5EFF5B00E6A079 = {
						CreatedOnToolsVersion = 6.1.1;
						TestTargetID = 3CAC65351A5EFF5A00E6A079;
					};
				};
			};
			buildConfigurationList = 3CAC65311A5EFF5A00E6A079 /* Build configuration list for PBXProject "Faby Bird" */;
			compatibilityVersion = "Xcode 3.2";
			developmentRegion = English;
			hasScannedForEncodings = 0;
			knownRegions = (
				en,
				Base,
			);
			mainGroup = 3CAC652D1A5EFF5A00E6A079;
			productRefGroup = 3CAC65371A5EFF5A00E6A079 /* Products */;
			projectDirPath = "";
			projectRoot = "";
			targets = (
				3CAC65351A5EFF5A00E6A079 /* Faby Bird */,
				3CAC654E1A5EFF5B00E6A079 /* Faby BirdTests */,
			);
		};
/* End PBXProject section */

/* Begin PBXResourcesBuildPhase section */
		3CAC65341A5EFF5A00E6A079 /* Resources */ = {
			isa = PBXResourcesBuildPhase;
			buildActionMask = 2147483647;
			files = (
				3CAC654A1A5EFF5B00E6A079 /* LaunchScreen.xib in Resources */,
				3CAC65471A5EFF5B00E6A079 /* Images.xcassets in Resources */,
				3CAC653E1A5EFF5A00E6A079 /* GameScene.sks in Resources */,
				3C2947CF1A65836E00C120F9 /* upSound.mp3 in Resources */,
				3CAC65451A5EFF5B00E6A079 /* Main.storyboard in Resources */,
			);
			runOnlyForDeploymentPostprocessing = 0;
		};
		3CAC654D1A5EFF5B00E6A079 /* Resources */ = {
			isa = PBXResourcesBuildPhase;
			buildActionMask = 2147483647;
			files = (
			);
			runOnlyForDeploymentPostprocessing = 0;
		};
/* End PBXResourcesBuildPhase section */

/* Begin PBXSourcesBuildPhase section */
		3CAC65321A5EFF5A00E6A079 /* Sources */ = {
			isa = PBXSourcesBuildPhase;
			buildActionMask = 2147483647;
			files = (
				3CAC65401A5EFF5A00E6A079 /* GameScene.swift in Sources */,
				3CAC65421A5EFF5B00E6A079 /* GameViewController.swift in Sources */,
				3C9C0BA01A81492800B44D8A /* GameOverScene.swift in Sources */,
				3CAC653C1A5EFF5A00E6A079 /* AppDelegate.swift in Sources */,
			);
			runOnlyForDeploymentPostprocessing = 0;
		};
		3CAC654B1A5EFF5B00E6A079 /* Sources */ = {
			isa = PBXSourcesBuildPhase;
			buildActionMask = 2147483647;
			files = (
				3CAC65561A5EFF5B00E6A079 /* Faby_BirdTests.swift in Sources */,
			);
			runOnlyForDeploymentPostprocessing = 0;
		};
/* End PBXSourcesBuildPhase section */

/* Begin PBXTargetDependency section */
		3CAC65511A5EFF5B00E6A079 /* PBXTargetDependency */ = {
			isa = PBXTargetDependency;
			target = 3CAC65351A5EFF5A00E6A079 /* Faby Bird */;
			targetProxy = 3CAC65501A5EFF5B00E6A079 /* PBXContainerItemProxy */;
		};
/* End PBXTargetDependency section */

/* Begin PBXVariantGroup section */
		3CAC65431A5EFF5B00E6A079 /* Main.storyboard */ = {
			isa = PBXVariantGroup;
			children = (
				3CAC65441A5EFF5B00E6A079 /* Base */,
			);
			name = Main.storyboard;
			sourceTree = "<group>";
		};
		3CAC65481A5EFF5B00E6A079 /* LaunchScreen.xib */ = {
			isa = PBXVariantGroup;
			children = (
				3CAC65491A5EFF5B00E6A079 /* Base */,
			);
			name = LaunchScreen.xib;
			sourceTree = "<group>";
		};
/* End PBXVariantGroup section */

/* Begin XCBuildConfiguration section */
		3CAC65571A5EFF5B00E6A079 /* Debug */ = {
			isa = XCBuildConfiguration;
			buildSettings = {
				ALWAYS_SEARCH_USER_PATHS = NO;
				CLANG_CXX_LANGUAGE_STANDARD = "gnu++0x";
				CLANG_CXX_LIBRARY = "libc++";
				CLANG_ENABLE_MODULES = YES;
				CLANG_ENABLE_OBJC_ARC = YES;
				CLANG_WARN_BOOL_CONVERSION = YES;
				CLANG_WARN_CONSTANT_CONVERSION = YES;
				CLANG_WARN_DIRECT_OBJC_ISA_USAGE = YES_ERROR;
				CLANG_WARN_EMPTY_BODY = YES;
				CLANG_WARN_ENUM_CONVERSION = YES;
				CLANG_WARN_INT_CONVERSION = YES;
				CLANG_WARN_OBJC_ROOT_CLASS = YES_ERROR;
				CLANG_WARN_UNREACHABLE_CODE = YES;
				CLANG_WARN__DUPLICATE_METHOD_MATCH = YES;
				"CODE_SIGN_IDENTITY[sdk=iphoneos*]" = "iPhone Developer";
				COPY_PHASE_STRIP = NO;
				ENABLE_STRICT_OBJC_MSGSEND = YES;
				GCC_C_LANGUAGE_STANDARD = gnu99;
				GCC_DYNAMIC_NO_PIC = NO;
				GCC_OPTIMIZATION_LEVEL = 0;
				GCC_PREPROCESSOR_DEFINITIONS = (
					"DEBUG=1",
					"$(inherited)",
				);
				GCC_SYMBOLS_PRIVATE_EXTERN = NO;
				GCC_WARN_64_TO_32_BIT_CONVERSION = YES;
				GCC_WARN_ABOUT_RETURN_TYPE = YES_ERROR;
				GCC_WARN_UNDECLARED_SELECTOR = YES;
				GCC_WARN_UNINITIALIZED_AUTOS = YES_AGGRESSIVE;
				GCC_WARN_UNUSED_FUNCTION = YES;
				GCC_WARN_UNUSED_VARIABLE = YES;
				IPHONEOS_DEPLOYMENT_TARGET = 8.1;
				MTL_ENABLE_DEBUG_INFO = YES;
				ONLY_ACTIVE_ARCH = YES;
				SDKROOT = iphoneos;
				SWIFT_OPTIMIZATION_LEVEL = "-Onone";
				TARGETED_DEVICE_FAMILY = "1,2";
			};
			name = Debug;
		};
		3CAC65581A5EFF5B00E6A079 /* Release */ = {
			isa = XCBuildConfiguration;
			buildSettings = {
				ALWAYS_SEARCH_USER_PATHS = NO;
				CLANG_CXX_LANGUAGE_STANDARD = "gnu++0x";
				CLANG_CXX_LIBRARY = "libc++";
				CLANG_ENABLE_MODULES = YES;
				CLANG_ENABLE_OBJC_ARC = YES;
				CLANG_WARN_BOOL_CONVERSION = YES;
				CLANG_WARN_CONSTANT_CONVERSION = YES;
				CLANG_WARN_DIRECT_OBJC_ISA_USAGE = YES_ERROR;
				CLANG_WARN_EMPTY_BODY = YES;
				CLANG_WARN_ENUM_CONVERSION = YES;
				CLANG_WARN_INT_CONVERSION = YES;
				CLANG_WARN_OBJC_ROOT_CLASS = YES_ERROR;
				CLANG_WARN_UNREACHABLE_CODE = YES;
				CLANG_WARN__DUPLICATE_METHOD_MATCH = YES;
				"CODE_SIGN_IDENTITY[sdk=iphoneos*]" = "iPhone Developer";
				COPY_PHASE_STRIP = YES;
				ENABLE_NS_ASSERTIONS = NO;
				ENABLE_STRICT_OBJC_MSGSEND = YES;
				GCC_C_LANGUAGE_STANDARD = gnu99;
				GCC_WARN_64_TO_32_BIT_CONVERSION = YES;
				GCC_WARN_ABOUT_RETURN_TYPE = YES_ERROR;
				GCC_WARN_UNDECLARED_SELECTOR = YES;
				GCC_WARN_UNINITIALIZED_AUTOS = YES_AGGRESSIVE;
				GCC_WARN_UNUSED_FUNCTION = YES;
				GCC_WARN_UNUSED_VARIABLE = YES;
				IPHONEOS_DEPLOYMENT_TARGET = 8.1;
				MTL_ENABLE_DEBUG_INFO = NO;
				SDKROOT = iphoneos;
				TARGETED_DEVICE_FAMILY = "1,2";
				VALIDATE_PRODUCT = YES;
			};
			name = Release;
		};
		3CAC655A1A5EFF5B00E6A079 /* Debug */ = {
			isa = XCBuildConfiguration;
			buildSettings = {
				ASSETCATALOG_COMPILER_APPICON_NAME = AppIcon;
				CODE_SIGN_IDENTITY = "iPhone Developer";
				"CODE_SIGN_IDENTITY[sdk=iphoneos*]" = "iPhone Developer";
				INFOPLIST_FILE = "Faby Bird/Info.plist";
				IPHONEOS_DEPLOYMENT_TARGET = 8.1;
				LD_RUNPATH_SEARCH_PATHS = "$(inherited) @executable_path/Frameworks";
				PRODUCT_NAME = "$(TARGET_NAME)";
				PROVISIONING_PROFILE = "";
			};
			name = Debug;
		};
		3CAC655B1A5EFF5B00E6A079 /* Release */ = {
			isa = XCBuildConfiguration;
			buildSettings = {
				ASSETCATALOG_COMPILER_APPICON_NAME = AppIcon;
				CODE_SIGN_IDENTITY = "iPhone Developer";
				"CODE_SIGN_IDENTITY[sdk=iphoneos*]" = "iPhone Developer";
				INFOPLIST_FILE = "Faby Bird/Info.plist";
				IPHONEOS_DEPLOYMENT_TARGET = 8.1;
				LD_RUNPATH_SEARCH_PATHS = "$(inherited) @executable_path/Frameworks";
				PRODUCT_NAME = "$(TARGET_NAME)";
				PROVISIONING_PROFILE = "";
			};
			name = Release;
		};
		3CAC655D1A5EFF5B00E6A079 /* Debug */ = {
			isa = XCBuildConfiguration;
			buildSettings = {
				BUNDLE_LOADER = "$(TEST_HOST)";
				FRAMEWORK_SEARCH_PATHS = (
					"$(SDKROOT)/Developer/Library/Frameworks",
					"$(inherited)",
				);
				GCC_PREPROCESSOR_DEFINITIONS = (
					"DEBUG=1",
					"$(inherited)",
				);
				INFOPLIST_FILE = "Faby BirdTests/Info.plist";
				LD_RUNPATH_SEARCH_PATHS = "$(inherited) @executable_path/Frameworks @loader_path/Frameworks";
				PRODUCT_NAME = "$(TARGET_NAME)";
				TEST_HOST = "$(BUILT_PRODUCTS_DIR)/Faby Bird.app/Faby Bird";
			};
			name = Debug;
		};
		3CAC655E1A5EFF5B00E6A079 /* Release */ = {
			isa = XCBuildConfiguration;
			buildSettings = {
				BUNDLE_LOADER = "$(TEST_HOST)";
				FRAMEWORK_SEARCH_PATHS = (
					"$(SDKROOT)/Developer/Library/Frameworks",
					"$(inherited)",
				);
				INFOPLIST_FILE = "Faby BirdTests/Info.plist";
				LD_RUNPATH_SEARCH_PATHS = "$(inherited) @executable_path/Frameworks @loader_path/Frameworks";
				PRODUCT_NAME = "$(TARGET_NAME)";
				TEST_HOST = "$(BUILT_PRODUCTS_DIR)/Faby Bird.app/Faby Bird";
			};
			name = Release;
		};
/* End XCBuildConfiguration section */

/* Begin XCConfigurationList section */
		3CAC65311A5EFF5A00E6A079 /* Build configuration list for PBXProject "Faby Bird" */ = {
			isa = XCConfigurationList;
			buildConfigurations = (
				3CAC65571A5EFF5B00E6A079 /* Debug */,
				3CAC65581A5EFF5B00E6A079 /* Release */,
			);
			defaultConfigurationIsVisible = 0;
			defaultConfigurationName = Release;
		};
		3CAC65591A5EFF5B00E6A079 /* Build configuration list for PBXNativeTarget "Faby Bird" */ = {
			isa = XCConfigurationList;
			buildConfigurations = (
				3CAC655A1A5EFF5B00E6A079 /* Debug */,
				3CAC655B1A5EFF5B00E6A079 /* Release */,
			);
			defaultConfigurationIsVisible = 0;
			defaultConfigurationName = Release;
		};
		3CAC655C1A5EFF5B00E6A079 /* Build configuration list for PBXNativeTarget "Faby BirdTests" */ = {
			isa = XCConfigurationList;
			buildConfigurations = (
				3CAC655D1A5EFF5B00E6A079 /* Debug */,
				3CAC655E1A5EFF5B00E6A079 /* Release */,
			);
			defaultConfigurationIsVisible = 0;
			defaultConfigurationName = Release;
		};
/* End XCConfigurationList section */
	};
	rootObject = 3CAC652E1A5EFF5A00E6A079 /* Project object */;
}
